
Microsoft Visual Studio Solution File, Format Version 12.00
# Visual Studio 15
VisualStudioVersion = 15.0.26124.0
MinimumVisualStudioVersion = 15.0.26124.0
Project("{2150E333-8FDC-42A3-9474-1A3956D46DE8}") = "src", "src", "{12814284-9C5B-4085-8250-496800EC4E2C}"
EndProject
Project("{FAE04EC0-301F-11D3-BF4B-00C04F79EFBC}") = "BlazorSample.Domain.Core", "src\BlazorSample.Domain.Core\BlazorSample.Domain.Core.csproj", "{2EECC4EA-33FB-44C2-A99F-4179E474158D}"
EndProject
Project("{FAE04EC0-301F-11D3-BF4B-00C04F79EFBC}") = "BlazorSample.Application", "src\BlazorSample.Application\BlazorSample.Application.csproj", "{E1C1443E-8299-4AAC-BD55-1090955FCA60}"
EndProject
Project("{FAE04EC0-301F-11D3-BF4B-00C04F79EFBC}") = "BlazorSample.Domain", "src\BlazorSample.Domain\BlazorSample.Domain.csproj", "{D6660A46-878B-4D55-8906-0A1D8980DE35}"
EndProject
Project("{FAE04EC0-301F-11D3-BF4B-00C04F79EFBC}") = "BlazorSample.Api", "src\BlazorSample.Api\BlazorSample.Api.csproj", "{3BE856B9-AC17-467A-B9FD-8F0BF759B52C}"
EndProject
Project("{FAE04EC0-301F-11D3-BF4B-00C04F79EFBC}") = "BlazorSample.Test", "src\BlazorSample.Test\BlazorSample.Test.csproj", "{D91729F1-7411-424C-BC10-D4E97FE846E8}"
EndProject
Project("{FAE04EC0-301F-11D3-BF4B-00C04F79EFBC}") = "BlazorSample.Front", "src\BlazorSample.Front\BlazorSample.Front.csproj", "{5C1637C6-1B05-445E-95B2-FF8D9C6D62AA}"
EndProject
Project("{FAE04EC0-301F-11D3-BF4B-00C04F79EFBC}") = "BlazorSample.Infra.CrossCutting.IoC", "src\BlazorSample.Infra.CrossCutting.IoC\BlazorSample.Infra.CrossCutting.IoC.csproj", "{11E13C2C-1C34-48D7-94B1-8D442555F973}"
EndProject
Global
	GlobalSection(SolutionConfigurationPlatforms) = preSolution
		Debug|Any CPU = Debug|Any CPU
		Debug|x64 = Debug|x64
		Debug|x86 = Debug|x86
		Release|Any CPU = Release|Any CPU
		Release|x64 = Release|x64
		Release|x86 = Release|x86
	EndGlobalSection
	GlobalSection(SolutionProperties) = preSolution
		HideSolutionNode = FALSE
	EndGlobalSection
	GlobalSection(ProjectConfigurationPlatforms) = postSolution
		{2EECC4EA-33FB-44C2-A99F-4179E474158D}.Debug|Any CPU.ActiveCfg = Debug|Any CPU
		{2EECC4EA-33FB-44C2-A99F-4179E474158D}.Debug|Any CPU.Build.0 = Debug|Any CPU
		{2EECC4EA-33FB-44C2-A99F-4179E474158D}.Debug|x64.ActiveCfg = Debug|Any CPU
		{2EECC4EA-33FB-44C2-A99F-4179E474158D}.Debug|x64.Build.0 = Debug|Any CPU
		{2EECC4EA-33FB-44C2-A99F-4179E474158D}.Debug|x86.ActiveCfg = Debug|Any CPU
		{2EECC4EA-33FB-44C2-A99F-4179E474158D}.Debug|x86.Build.0 = Debug|Any CPU
		{2EECC4EA-33FB-44C2-A99F-4179E474158D}.Release|Any CPU.ActiveCfg = Release|Any CPU
		{2EECC4EA-33FB-44C2-A99F-4179E474158D}.Release|Any CPU.Build.0 = Release|Any CPU
		{2EECC4EA-33FB-44C2-A99F-4179E474158D}.Release|x64.ActiveCfg = Release|Any CPU
		{2EECC4EA-33FB-44C2-A99F-4179E474158D}.Release|x64.Build.0 = Release|Any CPU
		{2EECC4EA-33FB-44C2-A99F-4179E474158D}.Release|x86.ActiveCfg = Release|Any CPU
		{2EECC4EA-33FB-44C2-A99F-4179E474158D}.Release|x86.Build.0 = Release|Any CPU
		{E1C1443E-8299-4AAC-BD55-1090955FCA60}.Debug|Any CPU.ActiveCfg = Debug|Any CPU
		{E1C1443E-8299-4AAC-BD55-1090955FCA60}.Debug|Any CPU.Build.0 = Debug|Any CPU
		{E1C1443E-8299-4AAC-BD55-1090955FCA60}.Debug|x64.ActiveCfg = Debug|Any CPU
		{E1C1443E-8299-4AAC-BD55-1090955FCA60}.Debug|x64.Build.0 = Debug|Any CPU
		{E1C1443E-8299-4AAC-BD55-1090955FCA60}.Debug|x86.ActiveCfg = Debug|Any CPU
		{E1C1443E-8299-4AAC-BD55-1090955FCA60}.Debug|x86.Build.0 = Debug|Any CPU
		{E1C1443E-8299-4AAC-BD55-1090955FCA60}.Release|Any CPU.ActiveCfg = Release|Any CPU
		{E1C1443E-8299-4AAC-BD55-1090955FCA60}.Release|Any CPU.Build.0 = Release|Any CPU
		{E1C1443E-8299-4AAC-BD55-1090955FCA60}.Release|x64.ActiveCfg = Release|Any CPU
		{E1C1443E-8299-4AAC-BD55-1090955FCA60}.Release|x64.Build.0 = Release|Any CPU
		{E1C1443E-8299-4AAC-BD55-1090955FCA60}.Release|x86.ActiveCfg = Release|Any CPU
		{E1C1443E-8299-4AAC-BD55-1090955FCA60}.Release|x86.Build.0 = Release|Any CPU
		{D6660A46-878B-4D55-8906-0A1D8980DE35}.Debug|Any CPU.ActiveCfg = Debug|Any CPU
		{D6660A46-878B-4D55-8906-0A1D8980DE35}.Debug|Any CPU.Build.0 = Debug|Any CPU
		{D6660A46-878B-4D55-8906-0A1D8980DE35}.Debug|x64.ActiveCfg = Debug|Any CPU
		{D6660A46-878B-4D55-8906-0A1D8980DE35}.Debug|x64.Build.0 = Debug|Any CPU
		{D6660A46-878B-4D55-8906-0A1D8980DE35}.Debug|x86.ActiveCfg = Debug|Any CPU
		{D6660A46-878B-4D55-8906-0A1D8980DE35}.Debug|x86.Build.0 = Debug|Any CPU
		{D6660A46-878B-4D55-8906-0A1D8980DE35}.Release|Any CPU.ActiveCfg = Release|Any CPU
		{D6660A46-878B-4D55-8906-0A1D8980DE35}.Release|Any CPU.Build.0 = Release|Any CPU
		{D6660A46-878B-4D55-8906-0A1D8980DE35}.Release|x64.ActiveCfg = Release|Any CPU
		{D6660A46-878B-4D55-8906-0A1D8980DE35}.Release|x64.Build.0 = Release|Any CPU
		{D6660A46-878B-4D55-8906-0A1D8980DE35}.Release|x86.ActiveCfg = Release|Any CPU
		{D6660A46-878B-4D55-8906-0A1D8980DE35}.Release|x86.Build.0 = Release|Any CPU
		{3BE856B9-AC17-467A-B9FD-8F0BF759B52C}.Debug|Any CPU.ActiveCfg = Debug|Any CPU
		{3BE856B9-AC17-467A-B9FD-8F0BF759B52C}.Debug|Any CPU.Build.0 = Debug|Any CPU
		{3BE856B9-AC17-467A-B9FD-8F0BF759B52C}.Debug|x64.ActiveCfg = Debug|Any CPU
		{3BE856B9-AC17-467A-B9FD-8F0BF759B52C}.Debug|x64.Build.0 = Debug|Any CPU
		{3BE856B9-AC17-467A-B9FD-8F0BF759B52C}.Debug|x86.ActiveCfg = Debug|Any CPU
		{3BE856B9-AC17-467A-B9FD-8F0BF759B52C}.Debug|x86.Build.0 = Debug|Any CPU
		{3BE856B9-AC17-467A-B9FD-8F0BF759B52C}.Release|Any CPU.ActiveCfg = Release|Any CPU
		{3BE856B9-AC17-467A-B9FD-8F0BF759B52C}.Release|Any CPU.Build.0 = Release|Any CPU
		{3BE856B9-AC17-467A-B9FD-8F0BF759B52C}.Release|x64.ActiveCfg = Release|Any CPU
		{3BE856B9-AC17-467A-B9FD-8F0BF759B52C}.Release|x64.Build.0 = Release|Any CPU
		{3BE856B9-AC17-467A-B9FD-8F0BF759B52C}.Release|x86.ActiveCfg = Release|Any CPU
		{3BE856B9-AC17-467A-B9FD-8F0BF759B52C}.Release|x86.Build.0 = Release|Any CPU
		{D91729F1-7411-424C-BC10-D4E97FE846E8}.Debug|Any CPU.ActiveCfg = Debug|Any CPU
		{D91729F1-7411-424C-BC10-D4E97FE846E8}.Debug|Any CPU.Build.0 = Debug|Any CPU
		{D91729F1-7411-424C-BC10-D4E97FE846E8}.Debug|x64.ActiveCfg = Debug|Any CPU
		{D91729F1-7411-424C-BC10-D4E97FE846E8}.Debug|x64.Build.0 = Debug|Any CPU
		{D91729F1-7411-424C-BC10-D4E97FE846E8}.Debug|x86.ActiveCfg = Debug|Any CPU
		{D91729F1-7411-424C-BC10-D4E97FE846E8}.Debug|x86.Build.0 = Debug|Any CPU
		{D91729F1-7411-424C-BC10-D4E97FE846E8}.Release|Any CPU.ActiveCfg = Release|Any CPU
		{D91729F1-7411-424C-BC10-D4E97FE846E8}.Release|Any CPU.Build.0 = Release|Any CPU
		{D91729F1-7411-424C-BC10-D4E97FE846E8}.Release|x64.ActiveCfg = Release|Any CPU
		{D91729F1-7411-424C-BC10-D4E97FE846E8}.Release|x64.Build.0 = Release|Any CPU
		{D91729F1-7411-424C-BC10-D4E97FE846E8}.Release|x86.ActiveCfg = Release|Any CPU
		{D91729F1-7411-424C-BC10-D4E97FE846E8}.Release|x86.Build.0 = Release|Any CPU
		{5C1637C6-1B05-445E-95B2-FF8D9C6D62AA}.Debug|Any CPU.ActiveCfg = Debug|Any CPU
		{5C1637C6-1B05-445E-95B2-FF8D9C6D62AA}.Debug|Any CPU.Build.0 = Debug|Any CPU
		{5C1637C6-1B05-445E-95B2-FF8D9C6D62AA}.Debug|x64.ActiveCfg = Debug|Any CPU
		{5C1637C6-1B05-445E-95B2-FF8D9C6D62AA}.Debug|x64.Build.0 = Debug|Any CPU
		{5C1637C6-1B05-445E-95B2-FF8D9C6D62AA}.Debug|x86.ActiveCfg = Debug|Any CPU
		{5C1637C6-1B05-445E-95B2-FF8D9C6D62AA}.Debug|x86.Build.0 = Debug|Any CPU
		{5C1637C6-1B05-445E-95B2-FF8D9C6D62AA}.Release|Any CPU.ActiveCfg = Release|Any CPU
		{5C1637C6-1B05-445E-95B2-FF8D9C6D62AA}.Release|Any CPU.Build.0 = Release|Any CPU
		{5C1637C6-1B05-445E-95B2-FF8D9C6D62AA}.Release|x64.ActiveCfg = Release|Any CPU
		{5C1637C6-1B05-445E-95B2-FF8D9C6D62AA}.Release|x64.Build.0 = Release|Any CPU
		{5C1637C6-1B05-445E-95B2-FF8D9C6D62AA}.Release|x86.ActiveCfg = Release|Any CPU
		{5C1637C6-1B05-445E-95B2-FF8D9C6D62AA}.Release|x86.Build.0 = Release|Any CPU
		{11E13C2C-1C34-48D7-94B1-8D442555F973}.Debug|Any CPU.ActiveCfg = Debug|Any CPU
		{11E13C2C-1C34-48D7-94B1-8D442555F973}.Debug|Any CPU.Build.0 = Debug|Any CPU
		{11E13C2C-1C34-48D7-94B1-8D442555F973}.Debug|x64.ActiveCfg = Debug|Any CPU
		{11E13C2C-1C34-48D7-94B1-8D442555F973}.Debug|x64.Build.0 = Debug|Any CPU
		{11E13C2C-1C34-48D7-94B1-8D442555F973}.Debug|x86.ActiveCfg = Debug|Any CPU
		{11E13C2C-1C34-48D7-94B1-8D442555F973}.Debug|x86.Build.0 = Debug|Any CPU
		{11E13C2C-1C34-48D7-94B1-8D442555F973}.Release|Any CPU.ActiveCfg = Release|Any CPU
		{11E13C2C-1C34-48D7-94B1-8D442555F973}.Release|Any CPU.Build.0 = Release|Any CPU
		{11E13C2C-1C34-48D7-94B1-8D442555F973}.Release|x64.ActiveCfg = Release|Any CPU
		{11E13C2C-1C34-48D7-94B1-8D442555F973}.Release|x64.Build.0 = Release|Any CPU
		{11E13C2C-1C34-48D7-94B1-8D442555F973}.Release|x86.ActiveCfg = Release|Any CPU
		{11E13C2C-1C34-48D7-94B1-8D442555F973}.Release|x86.Build.0 = Release|Any CPU
	EndGlobalSection
	GlobalSection(NestedProjects) = preSolution
		{2EECC4EA-33FB-44C2-A99F-4179E474158D} = {12814284-9C5B-4085-8250-496800EC4E2C}
		{E1C1443E-8299-4AAC-BD55-1090955FCA60} = {12814284-9C5B-4085-8250-496800EC4E2C}
		{D6660A46-878B-4D55-8906-0A1D8980DE35} = {12814284-9C5B-4085-8250-496800EC4E2C}
		{3BE856B9-AC17-467A-B9FD-8F0BF759B52C} = {12814284-9C5B-4085-8250-496800EC4E2C}
		{D91729F1-7411-424C-BC10-D4E97FE846E8} = {12814284-9C5B-4085-8250-496800EC4E2C}
		{5C1637C6-1B05-445E-95B2-FF8D9C6D62AA} = {12814284-9C5B-4085-8250-496800EC4E2C}
		{11E13C2C-1C34-48D7-94B1-8D442555F973} = {12814284-9C5B-4085-8250-496800EC4E2C}
	EndGlobalSection
EndGlobal
